
Microsoft Visual Studio Solution File, Format Version 12.00
# Visual Studio Version 17
VisualStudioVersion = 17.0.31903.59
MinimumVisualStudioVersion = 10.0.40219.1
Project("{FAE04EC0-301F-11D3-BF4B-00C04F79EFBC}") = "WebApi", "WebApi\WebApi.csproj", "{A61B42FE-276D-4300-9480-7CE47BA0A53F}"
EndProject
Project("{FAE04EC0-301F-11D3-BF4B-00C04F79EFBC}") = "Tests", "Tests\Tests.csproj", "{B1F8FC8F-60B9-4375-84B5-A552C9B81833}"
EndProject
Global
	GlobalSection(SolutionConfigurationPlatforms) = preSolution
		Debug|Any CPU = Debug|Any CPU
		Release|Any CPU = Release|Any CPU
	EndGlobalSection
	GlobalSection(SolutionProperties) = preSolution
		HideSolutionNode = FALSE
	EndGlobalSection
	GlobalSection(ProjectConfigurationPlatforms) = postSolution
		{A61B42FE-276D-4300-9480-7CE47BA0A53F}.Debug|Any CPU.ActiveCfg = Debug|Any CPU
		{A61B42FE-276D-4300-9480-7CE47BA0A53F}.Debug|Any CPU.Build.0 = Debug|Any CPU
		{A61B42FE-276D-4300-9480-7CE47BA0A53F}.Release|Any CPU.ActiveCfg = Release|Any CPU
		{A61B42FE-276D-4300-9480-7CE47BA0A53F}.Release|Any CPU.Build.0 = Release|Any CPU
		{B1F8FC8F-60B9-4375-84B5-A552C9B81833}.Debug|Any CPU.ActiveCfg = Debug|Any CPU
		{B1F8FC8F-60B9-4375-84B5-A552C9B81833}.Debug|Any CPU.Build.0 = Debug|Any CPU
		{B1F8FC8F-60B9-4375-84B5-A552C9B81833}.Release|Any CPU.ActiveCfg = Release|Any CPU
		{B1F8FC8F-60B9-4375-84B5-A552C9B81833}.Release|Any CPU.Build.0 = Release|Any CPU
	EndGlobalSection
EndGlobal
